// !$*UTF8*$!
{
	archiveVersion = 1;
	classes = {
	};
	objectVersion = 50;
	objects = {

/* Begin PBXBuildFile section */
		1E0327FE22C761F300373F01 /* RoundedButton.swift in Sources */ = {isa = PBXBuildFile; fileRef = 1E0327FD22C761F300373F01 /* RoundedButton.swift */; };
		1E03280022C85E2F00373F01 /* UserDataService.swift in Sources */ = {isa = PBXBuildFile; fileRef = 1E0327FF22C85E2F00373F01 /* UserDataService.swift */; };
		1E2A85E622C739DD001C7CD0 /* AuthService.swift in Sources */ = {isa = PBXBuildFile; fileRef = 1E2A85E522C739DD001C7CD0 /* AuthService.swift */; };
		1E491ADB22DC6B6800D3F172 /* MessageService.swift in Sources */ = {isa = PBXBuildFile; fileRef = 1E491ADA22DC6B6800D3F172 /* MessageService.swift */; };
		1E491ADD22DC6BDF00D3F172 /* Channel.swift in Sources */ = {isa = PBXBuildFile; fileRef = 1E491ADC22DC6BDF00D3F172 /* Channel.swift */; };
		1E54FA2222B5EAF800584E73 /* AppDelegate.swift in Sources */ = {isa = PBXBuildFile; fileRef = 1E54FA2122B5EAF800584E73 /* AppDelegate.swift */; };
		1E54FA2722B5EAF800584E73 /* Main.storyboard in Resources */ = {isa = PBXBuildFile; fileRef = 1E54FA2522B5EAF800584E73 /* Main.storyboard */; };
		1E54FA2922B5EB0100584E73 /* Assets.xcassets in Resources */ = {isa = PBXBuildFile; fileRef = 1E54FA2822B5EB0100584E73 /* Assets.xcassets */; };
		1E54FA2C22B5EB0100584E73 /* LaunchScreen.storyboard in Resources */ = {isa = PBXBuildFile; fileRef = 1E54FA2A22B5EB0100584E73 /* LaunchScreen.storyboard */; };
		1E54FA3722B6058100584E73 /* SWRevealViewController.m in Sources */ = {isa = PBXBuildFile; fileRef = 1E54FA3522B6058100584E73 /* SWRevealViewController.m */; };
		1E6E97DD22D976F200E313E1 /* ProfileVC.swift in Sources */ = {isa = PBXBuildFile; fileRef = 1E6E97DB22D976F200E313E1 /* ProfileVC.swift */; };
		1E6E97DE22D976F200E313E1 /* ProfileVC.xib in Resources */ = {isa = PBXBuildFile; fileRef = 1E6E97DC22D976F200E313E1 /* ProfileVC.xib */; };
		1E76715222BDCB6E00FF2A66 /* ChatVC.swift in Sources */ = {isa = PBXBuildFile; fileRef = 1E76715122BDCB6E00FF2A66 /* ChatVC.swift */; };
		1E76715422BDCBA200FF2A66 /* ChannelVC.swift in Sources */ = {isa = PBXBuildFile; fileRef = 1E76715322BDCBA200FF2A66 /* ChannelVC.swift */; };
		1E76715622BDDFE400FF2A66 /* GradientView.swift in Sources */ = {isa = PBXBuildFile; fileRef = 1E76715522BDDFE400FF2A66 /* GradientView.swift */; };
		1E76715922BE0D6E00FF2A66 /* Constants.swift in Sources */ = {isa = PBXBuildFile; fileRef = 1E76715822BE0D6E00FF2A66 /* Constants.swift */; };
		1E76715B22BE156700FF2A66 /* LoginVC.swift in Sources */ = {isa = PBXBuildFile; fileRef = 1E76715A22BE156700FF2A66 /* LoginVC.swift */; };
		1E76715D22BE25AE00FF2A66 /* CreateAccountVC.swift in Sources */ = {isa = PBXBuildFile; fileRef = 1E76715C22BE25AE00FF2A66 /* CreateAccountVC.swift */; };
		1ED934AF22D092EE00C4385F /* AvatarPickerVC.swift in Sources */ = {isa = PBXBuildFile; fileRef = 1ED934AE22D092EE00C4385F /* AvatarPickerVC.swift */; };
		1ED934B122D0989D00C4385F /* AvatarCell.swift in Sources */ = {isa = PBXBuildFile; fileRef = 1ED934B022D0989D00C4385F /* AvatarCell.swift */; };
		1ED934B322D182A600C4385F /* CircleImage.swift in Sources */ = {isa = PBXBuildFile; fileRef = 1ED934B222D182A600C4385F /* CircleImage.swift */; };
		CB88D143049CEF486FA30DA5 /* Pods_Smack.framework in Frameworks */ = {isa = PBXBuildFile; fileRef = F622EDEFDF1CA1A4847BA8AB /* Pods_Smack.framework */; };
/* End PBXBuildFile section */

/* Begin PBXFileReference section */
		1E0327FD22C761F300373F01 /* RoundedButton.swift */ = {isa = PBXFileReference; lastKnownFileType = sourcecode.swift; path = RoundedButton.swift; sourceTree = "<group>"; };
		1E0327FF22C85E2F00373F01 /* UserDataService.swift */ = {isa = PBXFileReference; lastKnownFileType = sourcecode.swift; path = UserDataService.swift; sourceTree = "<group>"; };
		1E2A85E522C739DD001C7CD0 /* AuthService.swift */ = {isa = PBXFileReference; lastKnownFileType = sourcecode.swift; path = AuthService.swift; sourceTree = "<group>"; };
		1E491ADA22DC6B6800D3F172 /* MessageService.swift */ = {isa = PBXFileReference; lastKnownFileType = sourcecode.swift; path = MessageService.swift; sourceTree = "<group>"; };
		1E491ADC22DC6BDF00D3F172 /* Channel.swift */ = {isa = PBXFileReference; lastKnownFileType = sourcecode.swift; path = Channel.swift; sourceTree = "<group>"; };
		1E54FA1E22B5EAF800584E73 /* Smack.app */ = {isa = PBXFileReference; explicitFileType = wrapper.application; includeInIndex = 0; path = Smack.app; sourceTree = BUILT_PRODUCTS_DIR; };
		1E54FA2122B5EAF800584E73 /* AppDelegate.swift */ = {isa = PBXFileReference; lastKnownFileType = sourcecode.swift; path = AppDelegate.swift; sourceTree = "<group>"; };
		1E54FA2622B5EAF800584E73 /* Base */ = {isa = PBXFileReference; lastKnownFileType = file.storyboard; name = Base; path = Base.lproj/Main.storyboard; sourceTree = "<group>"; };
		1E54FA2822B5EB0100584E73 /* Assets.xcassets */ = {isa = PBXFileReference; lastKnownFileType = folder.assetcatalog; path = Assets.xcassets; sourceTree = "<group>"; };
		1E54FA2B22B5EB0100584E73 /* Base */ = {isa = PBXFileReference; lastKnownFileType = file.storyboard; name = Base; path = Base.lproj/LaunchScreen.storyboard; sourceTree = "<group>"; };
		1E54FA2D22B5EB0100584E73 /* Info.plist */ = {isa = PBXFileReference; lastKnownFileType = text.plist.xml; path = Info.plist; sourceTree = "<group>"; };
		1E54FA3422B6058000584E73 /* Smack-Bridging-Header.h */ = {isa = PBXFileReference; lastKnownFileType = sourcecode.c.h; path = "Smack-Bridging-Header.h"; sourceTree = "<group>"; };
		1E54FA3522B6058100584E73 /* SWRevealViewController.m */ = {isa = PBXFileReference; fileEncoding = 4; lastKnownFileType = sourcecode.c.objc; name = SWRevealViewController.m; path = "Smack Assets/SWReveal/SWRevealViewController.m"; sourceTree = SOURCE_ROOT; };
		1E54FA3622B6058100584E73 /* SWRevealViewController.h */ = {isa = PBXFileReference; fileEncoding = 4; lastKnownFileType = sourcecode.c.h; name = SWRevealViewController.h; path = "Smack Assets/SWReveal/SWRevealViewController.h"; sourceTree = SOURCE_ROOT; };
		1E6E97DB22D976F200E313E1 /* ProfileVC.swift */ = {isa = PBXFileReference; lastKnownFileType = sourcecode.swift; path = ProfileVC.swift; sourceTree = "<group>"; };
		1E6E97DC22D976F200E313E1 /* ProfileVC.xib */ = {isa = PBXFileReference; lastKnownFileType = file.xib; path = ProfileVC.xib; sourceTree = "<group>"; };
		1E76715122BDCB6E00FF2A66 /* ChatVC.swift */ = {isa = PBXFileReference; lastKnownFileType = sourcecode.swift; path = ChatVC.swift; sourceTree = "<group>"; };
		1E76715322BDCBA200FF2A66 /* ChannelVC.swift */ = {isa = PBXFileReference; lastKnownFileType = sourcecode.swift; path = ChannelVC.swift; sourceTree = "<group>"; };
		1E76715522BDDFE400FF2A66 /* GradientView.swift */ = {isa = PBXFileReference; lastKnownFileType = sourcecode.swift; path = GradientView.swift; sourceTree = "<group>"; };
		1E76715822BE0D6E00FF2A66 /* Constants.swift */ = {isa = PBXFileReference; lastKnownFileType = sourcecode.swift; path = Constants.swift; sourceTree = "<group>"; };
		1E76715A22BE156700FF2A66 /* LoginVC.swift */ = {isa = PBXFileReference; lastKnownFileType = sourcecode.swift; path = LoginVC.swift; sourceTree = "<group>"; };
		1E76715C22BE25AE00FF2A66 /* CreateAccountVC.swift */ = {isa = PBXFileReference; lastKnownFileType = sourcecode.swift; path = CreateAccountVC.swift; sourceTree = "<group>"; };
		1ED934AE22D092EE00C4385F /* AvatarPickerVC.swift */ = {isa = PBXFileReference; lastKnownFileType = sourcecode.swift; path = AvatarPickerVC.swift; sourceTree = "<group>"; };
		1ED934B022D0989D00C4385F /* AvatarCell.swift */ = {isa = PBXFileReference; lastKnownFileType = sourcecode.swift; path = AvatarCell.swift; sourceTree = "<group>"; };
		1ED934B222D182A600C4385F /* CircleImage.swift */ = {isa = PBXFileReference; lastKnownFileType = sourcecode.swift; path = CircleImage.swift; sourceTree = "<group>"; };
		2024F32175E28282C9BBE43B /* Pods-Smack.release.xcconfig */ = {isa = PBXFileReference; includeInIndex = 1; lastKnownFileType = text.xcconfig; name = "Pods-Smack.release.xcconfig"; path = "Pods/Target Support Files/Pods-Smack/Pods-Smack.release.xcconfig"; sourceTree = "<group>"; };
		44CD09DBA1C8ADAF9A05B678 /* Pods-Smack.debug.xcconfig */ = {isa = PBXFileReference; includeInIndex = 1; lastKnownFileType = text.xcconfig; name = "Pods-Smack.debug.xcconfig"; path = "Pods/Target Support Files/Pods-Smack/Pods-Smack.debug.xcconfig"; sourceTree = "<group>"; };
		F622EDEFDF1CA1A4847BA8AB /* Pods_Smack.framework */ = {isa = PBXFileReference; explicitFileType = wrapper.framework; includeInIndex = 0; path = Pods_Smack.framework; sourceTree = BUILT_PRODUCTS_DIR; };
/* End PBXFileReference section */

/* Begin PBXFrameworksBuildPhase section */
		1E54FA1B22B5EAF800584E73 /* Frameworks */ = {
			isa = PBXFrameworksBuildPhase;
			buildActionMask = 2147483647;
			files = (
				CB88D143049CEF486FA30DA5 /* Pods_Smack.framework in Frameworks */,
			);
			runOnlyForDeploymentPostprocessing = 0;
		};
/* End PBXFrameworksBuildPhase section */

/* Begin PBXGroup section */
		1E2A85E422C73992001C7CD0 /* Servicies */ = {
			isa = PBXGroup;
			children = (
				1E2A85E522C739DD001C7CD0 /* AuthService.swift */,
				1E0327FF22C85E2F00373F01 /* UserDataService.swift */,
				1E491ADA22DC6B6800D3F172 /* MessageService.swift */,
			);
			path = Servicies;
			sourceTree = "<group>";
		};
		1E54FA1522B5EAF800584E73 = {
			isa = PBXGroup;
			children = (
				1E54FA2022B5EAF800584E73 /* Smack */,
				1E54FA1F22B5EAF800584E73 /* Products */,
				C2FDD55F798C7AAD0AC5F2B4 /* Pods */,
				6BD7529BF52CFAA815A769D4 /* Frameworks */,
			);
			sourceTree = "<group>";
		};
		1E54FA1F22B5EAF800584E73 /* Products */ = {
			isa = PBXGroup;
			children = (
				1E54FA1E22B5EAF800584E73 /* Smack.app */,
			);
			name = Products;
			sourceTree = "<group>";
		};
		1E54FA2022B5EAF800584E73 /* Smack */ = {
			isa = PBXGroup;
			children = (
				1E6E97DF22D9772D00E313E1 /* XIBs */,
				1E2A85E422C73992001C7CD0 /* Servicies */,
				1E76715722BE0D3B00FF2A66 /* Utilities */,
				1E76715022BDCB2200FF2A66 /* Model */,
				1E76714F22BDCB1A00FF2A66 /* View */,
				1E76714E22BDCB0D00FF2A66 /* Controller */,
				1E54FA3322B6053200584E73 /* Supporting Files */,
				1E54FA2122B5EAF800584E73 /* AppDelegate.swift */,
				1E54FA2522B5EAF800584E73 /* Main.storyboard */,
				1E54FA2822B5EB0100584E73 /* Assets.xcassets */,
				1E54FA2A22B5EB0100584E73 /* LaunchScreen.storyboard */,
				1E54FA2D22B5EB0100584E73 /* Info.plist */,
			);
			path = Smack;
			sourceTree = "<group>";
		};
		1E54FA3322B6053200584E73 /* Supporting Files */ = {
			isa = PBXGroup;
			children = (
				1E54FA3622B6058100584E73 /* SWRevealViewController.h */,
				1E54FA3522B6058100584E73 /* SWRevealViewController.m */,
				1E54FA3422B6058000584E73 /* Smack-Bridging-Header.h */,
			);
			path = "Supporting Files";
			sourceTree = "<group>";
		};
		1E6E97DF22D9772D00E313E1 /* XIBs */ = {
			isa = PBXGroup;
			children = (
				1E6E97DC22D976F200E313E1 /* ProfileVC.xib */,
			);
			path = XIBs;
			sourceTree = "<group>";
		};
		1E76714E22BDCB0D00FF2A66 /* Controller */ = {
			isa = PBXGroup;
			children = (
				1E76715122BDCB6E00FF2A66 /* ChatVC.swift */,
				1E76715322BDCBA200FF2A66 /* ChannelVC.swift */,
				1E76715A22BE156700FF2A66 /* LoginVC.swift */,
				1E76715C22BE25AE00FF2A66 /* CreateAccountVC.swift */,
				1ED934AE22D092EE00C4385F /* AvatarPickerVC.swift */,
				1E6E97DB22D976F200E313E1 /* ProfileVC.swift */,
			);
			path = Controller;
			sourceTree = "<group>";
		};
		1E76714F22BDCB1A00FF2A66 /* View */ = {
			isa = PBXGroup;
			children = (
				1E76715522BDDFE400FF2A66 /* GradientView.swift */,
				1E0327FD22C761F300373F01 /* RoundedButton.swift */,
				1ED934B022D0989D00C4385F /* AvatarCell.swift */,
				1ED934B222D182A600C4385F /* CircleImage.swift */,
			);
			path = View;
			sourceTree = "<group>";
		};
		1E76715022BDCB2200FF2A66 /* Model */ = {
			isa = PBXGroup;
			children = (
				1E491ADC22DC6BDF00D3F172 /* Channel.swift */,
			);
			path = Model;
			sourceTree = "<group>";
		};
		1E76715722BE0D3B00FF2A66 /* Utilities */ = {
			isa = PBXGroup;
			children = (
				1E76715822BE0D6E00FF2A66 /* Constants.swift */,
			);
			path = Utilities;
			sourceTree = "<group>";
		};
		6BD7529BF52CFAA815A769D4 /* Frameworks */ = {
			isa = PBXGroup;
			children = (
				F622EDEFDF1CA1A4847BA8AB /* Pods_Smack.framework */,
			);
			name = Frameworks;
			sourceTree = "<group>";
		};
		C2FDD55F798C7AAD0AC5F2B4 /* Pods */ = {
			isa = PBXGroup;
			children = (
				44CD09DBA1C8ADAF9A05B678 /* Pods-Smack.debug.xcconfig */,
				2024F32175E28282C9BBE43B /* Pods-Smack.release.xcconfig */,
			);
			name = Pods;
			sourceTree = "<group>";
		};
/* End PBXGroup section */

/* Begin PBXNativeTarget section */
		1E54FA1D22B5EAF800584E73 /* Smack */ = {
			isa = PBXNativeTarget;
			buildConfigurationList = 1E54FA3022B5EB0100584E73 /* Build configuration list for PBXNativeTarget "Smack" */;
			buildPhases = (
				BE9B948017CD388E2C772D44 /* [CP] Check Pods Manifest.lock */,
				1E54FA1A22B5EAF800584E73 /* Sources */,
				1E54FA1B22B5EAF800584E73 /* Frameworks */,
				1E54FA1C22B5EAF800584E73 /* Resources */,
				6ABE4D4E9FAF596235952426 /* [CP] Embed Pods Frameworks */,
			);
			buildRules = (
			);
			dependencies = (
			);
			name = Smack;
			productName = Smack;
			productReference = 1E54FA1E22B5EAF800584E73 /* Smack.app */;
			productType = "com.apple.product-type.application";
		};
/* End PBXNativeTarget section */

/* Begin PBXProject section */
		1E54FA1622B5EAF800584E73 /* Project object */ = {
			isa = PBXProject;
			attributes = {
				LastSwiftUpdateCheck = 0940;
				LastUpgradeCheck = 0940;
				ORGANIZATIONNAME = "GoldenWindGames LLC";
				TargetAttributes = {
					1E54FA1D22B5EAF800584E73 = {
						CreatedOnToolsVersion = 9.4.1;
						LastSwiftMigration = 0940;
					};
				};
			};
			buildConfigurationList = 1E54FA1922B5EAF800584E73 /* Build configuration list for PBXProject "Smack" */;
			compatibilityVersion = "Xcode 9.3";
			developmentRegion = en;
			hasScannedForEncodings = 0;
			knownRegions = (
				en,
				Base,
			);
			mainGroup = 1E54FA1522B5EAF800584E73;
			productRefGroup = 1E54FA1F22B5EAF800584E73 /* Products */;
			projectDirPath = "";
			projectRoot = "";
			targets = (
				1E54FA1D22B5EAF800584E73 /* Smack */,
			);
		};
/* End PBXProject section */

/* Begin PBXResourcesBuildPhase section */
		1E54FA1C22B5EAF800584E73 /* Resources */ = {
			isa = PBXResourcesBuildPhase;
			buildActionMask = 2147483647;
			files = (
				1E6E97DE22D976F200E313E1 /* ProfileVC.xib in Resources */,
				1E54FA2C22B5EB0100584E73 /* LaunchScreen.storyboard in Resources */,
				1E54FA2922B5EB0100584E73 /* Assets.xcassets in Resources */,
				1E54FA2722B5EAF800584E73 /* Main.storyboard in Resources */,
			);
			runOnlyForDeploymentPostprocessing = 0;
		};
/* End PBXResourcesBuildPhase section */

/* Begin PBXShellScriptBuildPhase section */
		6ABE4D4E9FAF596235952426 /* [CP] Embed Pods Frameworks */ = {
			isa = PBXShellScriptBuildPhase;
			buildActionMask = 2147483647;
			files = (
			);
			inputPaths = (
				"${SRCROOT}/Pods/Target Support Files/Pods-Smack/Pods-Smack-frameworks.sh",
				"${BUILT_PRODUCTS_DIR}/Alamofire/Alamofire.framework",
				"${BUILT_PRODUCTS_DIR}/Socket.IO-Client-Swift/SocketIO.framework",
				"${BUILT_PRODUCTS_DIR}/Starscream/Starscream.framework",
				"${BUILT_PRODUCTS_DIR}/SwiftyJSON/SwiftyJSON.framework",
			);
			name = "[CP] Embed Pods Frameworks";
			outputPaths = (
				"${TARGET_BUILD_DIR}/${FRAMEWORKS_FOLDER_PATH}/Alamofire.framework",
				"${TARGET_BUILD_DIR}/${FRAMEWORKS_FOLDER_PATH}/SocketIO.framework",
				"${TARGET_BUILD_DIR}/${FRAMEWORKS_FOLDER_PATH}/Starscream.framework",
				"${TARGET_BUILD_DIR}/${FRAMEWORKS_FOLDER_PATH}/SwiftyJSON.framework",
			);
			runOnlyForDeploymentPostprocessing = 0;
			shellPath = /bin/sh;
			shellScript = "\"${SRCROOT}/Pods/Target Support Files/Pods-Smack/Pods-Smack-frameworks.sh\"\n";
			showEnvVarsInLog = 0;
		};
		BE9B948017CD388E2C772D44 /* [CP] Check Pods Manifest.lock */ = {
			isa = PBXShellScriptBuildPhase;
			buildActionMask = 2147483647;
			files = (
			);
			inputPaths = (
				"${PODS_PODFILE_DIR_PATH}/Podfile.lock",
				"${PODS_ROOT}/Manifest.lock",
			);
			name = "[CP] Check Pods Manifest.lock";
			outputPaths = (
				"$(DERIVED_FILE_DIR)/Pods-Smack-checkManifestLockResult.txt",
			);
			runOnlyForDeploymentPostprocessing = 0;
			shellPath = /bin/sh;
			shellScript = "diff \"${PODS_PODFILE_DIR_PATH}/Podfile.lock\" \"${PODS_ROOT}/Manifest.lock\" > /dev/null\nif [ $? != 0 ] ; then\n    # print error to STDERR\n    echo \"error: The sandbox is not in sync with the Podfile.lock. Run 'pod install' or update your CocoaPods installation.\" >&2\n    exit 1\nfi\n# This output is used by Xcode 'outputs' to avoid re-running this script phase.\necho \"SUCCESS\" > \"${SCRIPT_OUTPUT_FILE_0}\"\n";
			showEnvVarsInLog = 0;
		};
/* End PBXShellScriptBuildPhase section */

/* Begin PBXSourcesBuildPhase section */
		1E54FA1A22B5EAF800584E73 /* Sources */ = {
			isa = PBXSourcesBuildPhase;
			buildActionMask = 2147483647;
			files = (
				1E6E97DD22D976F200E313E1 /* ProfileVC.swift in Sources */,
				1E76715422BDCBA200FF2A66 /* ChannelVC.swift in Sources */,
				1ED934AF22D092EE00C4385F /* AvatarPickerVC.swift in Sources */,
				1E0327FE22C761F300373F01 /* RoundedButton.swift in Sources */,
				1E491ADD22DC6BDF00D3F172 /* Channel.swift in Sources */,
				1ED934B322D182A600C4385F /* CircleImage.swift in Sources */,
				1E491ADB22DC6B6800D3F172 /* MessageService.swift in Sources */,
				1E76715222BDCB6E00FF2A66 /* ChatVC.swift in Sources */,
				1E03280022C85E2F00373F01 /* UserDataService.swift in Sources */,
				1E76715D22BE25AE00FF2A66 /* CreateAccountVC.swift in Sources */,
				1E2A85E622C739DD001C7CD0 /* AuthService.swift in Sources */,
				1E76715B22BE156700FF2A66 /* LoginVC.swift in Sources */,
				1E76715622BDDFE400FF2A66 /* GradientView.swift in Sources */,
				1ED934B122D0989D00C4385F /* AvatarCell.swift in Sources */,
				1E54FA2222B5EAF800584E73 /* AppDelegate.swift in Sources */,
				1E54FA3722B6058100584E73 /* SWRevealViewController.m in Sources */,
				1E76715922BE0D6E00FF2A66 /* Constants.swift in Sources */,
			);
			runOnlyForDeploymentPostprocessing = 0;
		};
/* End PBXSourcesBuildPhase section */

/* Begin PBXVariantGroup section */
		1E54FA2522B5EAF800584E73 /* Main.storyboard */ = {
			isa = PBXVariantGroup;
			children = (
				1E54FA2622B5EAF800584E73 /* Base */,
			);
			name = Main.storyboard;
			sourceTree = "<group>";
		};
		1E54FA2A22B5EB0100584E73 /* LaunchScreen.storyboard */ = {
			isa = PBXVariantGroup;
			children = (
				1E54FA2B22B5EB0100584E73 /* Base */,
			);
			name = LaunchScreen.storyboard;
			sourceTree = "<group>";
		};
/* End PBXVariantGroup section */

/* Begin XCBuildConfiguration section */
		1E54FA2E22B5EB0100584E73 /* Debug */ = {
			isa = XCBuildConfiguration;
			buildSettings = {
				ALWAYS_SEARCH_USER_PATHS = NO;
				CLANG_ANALYZER_NONNULL = YES;
				CLANG_ANALYZER_NUMBER_OBJECT_CONVERSION = YES_AGGRESSIVE;
				CLANG_CXX_LANGUAGE_STANDARD = "gnu++14";
				CLANG_CXX_LIBRARY = "libc++";
				CLANG_ENABLE_MODULES = YES;
				CLANG_ENABLE_OBJC_ARC = YES;
				CLANG_ENABLE_OBJC_WEAK = YES;
				CLANG_WARN_BLOCK_CAPTURE_AUTORELEASING = YES;
				CLANG_WARN_BOOL_CONVERSION = YES;
				CLANG_WARN_COMMA = YES;
				CLANG_WARN_CONSTANT_CONVERSION = YES;
				CLANG_WARN_DEPRECATED_OBJC_IMPLEMENTATIONS = YES;
				CLANG_WARN_DIRECT_OBJC_ISA_USAGE = YES_ERROR;
				CLANG_WARN_DOCUMENTATION_COMMENTS = YES;
				CLANG_WARN_EMPTY_BODY = YES;
				CLANG_WARN_ENUM_CONVERSION = YES;
				CLANG_WARN_INFINITE_RECURSION = YES;
				CLANG_WARN_INT_CONVERSION = YES;
				CLANG_WARN_NON_LITERAL_NULL_CONVERSION = YES;
				CLANG_WARN_OBJC_IMPLICIT_RETAIN_SELF = YES;
				CLANG_WARN_OBJC_LITERAL_CONVERSION = YES;
				CLANG_WARN_OBJC_ROOT_CLASS = YES_ERROR;
				CLANG_WARN_RANGE_LOOP_ANALYSIS = YES;
				CLANG_WARN_STRICT_PROTOTYPES = YES;
				CLANG_WARN_SUSPICIOUS_MOVE = YES;
				CLANG_WARN_UNGUARDED_AVAILABILITY = YES_AGGRESSIVE;
				CLANG_WARN_UNREACHABLE_CODE = YES;
				CLANG_WARN__DUPLICATE_METHOD_MATCH = YES;
				CODE_SIGN_IDENTITY = "iPhone Developer";
				COPY_PHASE_STRIP = NO;
				DEBUG_INFORMATION_FORMAT = dwarf;
				ENABLE_STRICT_OBJC_MSGSEND = YES;
				ENABLE_TESTABILITY = YES;
				GCC_C_LANGUAGE_STANDARD = gnu11;
				GCC_DYNAMIC_NO_PIC = NO;
				GCC_NO_COMMON_BLOCKS = YES;
				GCC_OPTIMIZATION_LEVEL = 0;
				GCC_PREPROCESSOR_DEFINITIONS = (
					"DEBUG=1",
					"$(inherited)",
				);
				GCC_WARN_64_TO_32_BIT_CONVERSION = YES;
				GCC_WARN_ABOUT_RETURN_TYPE = YES_ERROR;
				GCC_WARN_UNDECLARED_SELECTOR = YES;
				GCC_WARN_UNINITIALIZED_AUTOS = YES_AGGRESSIVE;
				GCC_WARN_UNUSED_FUNCTION = YES;
				GCC_WARN_UNUSED_VARIABLE = YES;
				IPHONEOS_DEPLOYMENT_TARGET = 11.4;
				MTL_ENABLE_DEBUG_INFO = YES;
				ONLY_ACTIVE_ARCH = YES;
				SDKROOT = iphoneos;
				SWIFT_ACTIVE_COMPILATION_CONDITIONS = DEBUG;
				SWIFT_OPTIMIZATION_LEVEL = "-Onone";
			};
			name = Debug;
		};
		1E54FA2F22B5EB0100584E73 /* Release */ = {
			isa = XCBuildConfiguration;
			buildSettings = {
				ALWAYS_SEARCH_USER_PATHS = NO;
				CLANG_ANALYZER_NONNULL = YES;
				CLANG_ANALYZER_NUMBER_OBJECT_CONVERSION = YES_AGGRESSIVE;
				CLANG_CXX_LANGUAGE_STANDARD = "gnu++14";
				CLANG_CXX_LIBRARY = "libc++";
				CLANG_ENABLE_MODULES = YES;
				CLANG_ENABLE_OBJC_ARC = YES;
				CLANG_ENABLE_OBJC_WEAK = YES;
				CLANG_WARN_BLOCK_CAPTURE_AUTORELEASING = YES;
				CLANG_WARN_BOOL_CONVERSION = YES;
				CLANG_WARN_COMMA = YES;
				CLANG_WARN_CONSTANT_CONVERSION = YES;
				CLANG_WARN_DEPRECATED_OBJC_IMPLEMENTATIONS = YES;
				CLANG_WARN_DIRECT_OBJC_ISA_USAGE = YES_ERROR;
				CLANG_WARN_DOCUMENTATION_COMMENTS = YES;
				CLANG_WARN_EMPTY_BODY = YES;
				CLANG_WARN_ENUM_CONVERSION = YES;
				CLANG_WARN_INFINITE_RECURSION = YES;
				CLANG_WARN_INT_CONVERSION = YES;
				CLANG_WARN_NON_LITERAL_NULL_CONVERSION = YES;
				CLANG_WARN_OBJC_IMPLICIT_RETAIN_SELF = YES;
				CLANG_WARN_OBJC_LITERAL_CONVERSION = YES;
				CLANG_WARN_OBJC_ROOT_CLASS = YES_ERROR;
				CLANG_WARN_RANGE_LOOP_ANALYSIS = YES;
				CLANG_WARN_STRICT_PROTOTYPES = YES;
				CLANG_WARN_SUSPICIOUS_MOVE = YES;
				CLANG_WARN_UNGUARDED_AVAILABILITY = YES_AGGRESSIVE;
				CLANG_WARN_UNREACHABLE_CODE = YES;
				CLANG_WARN__DUPLICATE_METHOD_MATCH = YES;
				CODE_SIGN_IDENTITY = "iPhone Developer";
				COPY_PHASE_STRIP = NO;
				DEBUG_INFORMATION_FORMAT = "dwarf-with-dsym";
				ENABLE_NS_ASSERTIONS = NO;
				ENABLE_STRICT_OBJC_MSGSEND = YES;
				GCC_C_LANGUAGE_STANDARD = gnu11;
				GCC_NO_COMMON_BLOCKS = YES;
				GCC_WARN_64_TO_32_BIT_CONVERSION = YES;
				GCC_WARN_ABOUT_RETURN_TYPE = YES_ERROR;
				GCC_WARN_UNDECLARED_SELECTOR = YES;
				GCC_WARN_UNINITIALIZED_AUTOS = YES_AGGRESSIVE;
				GCC_WARN_UNUSED_FUNCTION = YES;
				GCC_WARN_UNUSED_VARIABLE = YES;
				IPHONEOS_DEPLOYMENT_TARGET = 11.4;
				MTL_ENABLE_DEBUG_INFO = NO;
				SDKROOT = iphoneos;
				SWIFT_COMPILATION_MODE = wholemodule;
				SWIFT_OPTIMIZATION_LEVEL = "-O";
				VALIDATE_PRODUCT = YES;
			};
			name = Release;
		};
		1E54FA3122B5EB0100584E73 /* Debug */ = {
			isa = XCBuildConfiguration;
			baseConfigurationReference = 44CD09DBA1C8ADAF9A05B678 /* Pods-Smack.debug.xcconfig */;
			buildSettings = {
				ASSETCATALOG_COMPILER_APPICON_NAME = AppIcon;
				CLANG_ENABLE_MODULES = YES;
				CODE_SIGN_STYLE = Automatic;
				DEVELOPMENT_TEAM = "";
				INFOPLIST_FILE = Smack/Info.plist;
				LD_RUNPATH_SEARCH_PATHS = (
					"$(inherited)",
					"@executable_path/Frameworks",
				);
				PRODUCT_BUNDLE_IDENTIFIER = com.gwg.Smack;
				PRODUCT_NAME = "$(TARGET_NAME)";
				SWIFT_OBJC_BRIDGING_HEADER = "Smack/Supporting Files/Smack-Bridging-Header.h";
				SWIFT_OPTIMIZATION_LEVEL = "-Onone";
				SWIFT_VERSION = 4.0;
				TARGETED_DEVICE_FAMILY = "1,2";
			};
			name = Debug;
		};
		1E54FA3222B5EB0100584E73 /* Release */ = {
			isa = XCBuildConfiguration;
			baseConfigurationReference = 2024F32175E28282C9BBE43B /* Pods-Smack.release.xcconfig */;
			buildSettings = {
				ASSETCATALOG_COMPILER_APPICON_NAME = AppIcon;
				CLANG_ENABLE_MODULES = YES;
				CODE_SIGN_STYLE = Automatic;
				DEVELOPMENT_TEAM = "";
				INFOPLIST_FILE = Smack/Info.plist;
				LD_RUNPATH_SEARCH_PATHS = (
					"$(inherited)",
					"@executable_path/Frameworks",
				);
				PRODUCT_BUNDLE_IDENTIFIER = com.gwg.Smack;
				PRODUCT_NAME = "$(TARGET_NAME)";
				SWIFT_OBJC_BRIDGING_HEADER = "Smack/Supporting Files/Smack-Bridging-Header.h";
				SWIFT_VERSION = 4.0;
				TARGETED_DEVICE_FAMILY = "1,2";
			};
			name = Release;
		};
/* End XCBuildConfiguration section */

/* Begin XCConfigurationList section */
		1E54FA1922B5EAF800584E73 /* Build configuration list for PBXProject "Smack" */ = {
			isa = XCConfigurationList;
			buildConfigurations = (
				1E54FA2E22B5EB0100584E73 /* Debug */,
				1E54FA2F22B5EB0100584E73 /* Release */,
			);
			defaultConfigurationIsVisible = 0;
			defaultConfigurationName = Release;
		};
		1E54FA3022B5EB0100584E73 /* Build configuration list for PBXNativeTarget "Smack" */ = {
			isa = XCConfigurationList;
			buildConfigurations = (
				1E54FA3122B5EB0100584E73 /* Debug */,
				1E54FA3222B5EB0100584E73 /* Release */,
			);
			defaultConfigurationIsVisible = 0;
			defaultConfigurationName = Release;
		};
/* End XCConfigurationList section */
	};
	rootObject = 1E54FA1622B5EAF800584E73 /* Project object */;
}
